
Microsoft Visual Studio Solution File, Format Version 12.00
Project("{2150E333-8FDC-42A3-9474-1A3956D46DE8}") = "src", "src", "{D0C068FE-35CD-4F7E-BBF3-6FEABFDAFEA3}"
EndProject
Project("{2150E333-8FDC-42A3-9474-1A3956D46DE8}") = "tests", "tests", "{15E61F8C-8435-4678-BBE4-E7CC3F0C817A}"
EndProject
Project("{FAE04EC0-301F-11D3-BF4B-00C04F79EFBC}") = "Aoxe.StackExchangeRedis.TestProject", "tests\Aoxe.StackExchangeRedis.TestProject\Aoxe.StackExchangeRedis.TestProject.csproj", "{BC3A1E47-25AC-46B0-8908-06E432FE601C}"
EndProject
Project("{FAE04EC0-301F-11D3-BF4B-00C04F79EFBC}") = "Aoxe.StackExchangeRedis.Client", "src\Aoxe.StackExchangeRedis.Client\Aoxe.StackExchangeRedis.Client.csproj", "{F8CC5332-D813-4F42-83E4-053272FE7369}"
EndProject
Project("{FAE04EC0-301F-11D3-BF4B-00C04F79EFBC}") = "Aoxe.StackExchangeRedis.Abstractions", "src\Aoxe.StackExchangeRedis.Abstractions\Aoxe.StackExchangeRedis.Abstractions.csproj", "{017E5F98-D6B8-47A7-97FD-951B5B0D55B8}"
EndProject
Project("{FAE04EC0-301F-11D3-BF4B-00C04F79EFBC}") = "Aoxe.StackExchangeRedis", "src\Aoxe.StackExchangeRedis\Aoxe.StackExchangeRedis.csproj", "{982E9D1A-D8B8-495D-B257-43B1E561D28E}"
EndProject
Global
	GlobalSection(SolutionConfigurationPlatforms) = preSolution
		Debug|Any CPU = Debug|Any CPU
		Release|Any CPU = Release|Any CPU
	EndGlobalSection
	GlobalSection(ProjectConfigurationPlatforms) = postSolution
		{BC3A1E47-25AC-46B0-8908-06E432FE601C}.Debug|Any CPU.ActiveCfg = Debug|Any CPU
		{BC3A1E47-25AC-46B0-8908-06E432FE601C}.Debug|Any CPU.Build.0 = Debug|Any CPU
		{BC3A1E47-25AC-46B0-8908-06E432FE601C}.Release|Any CPU.ActiveCfg = Release|Any CPU
		{BC3A1E47-25AC-46B0-8908-06E432FE601C}.Release|Any CPU.Build.0 = Release|Any CPU
		{F8CC5332-D813-4F42-83E4-053272FE7369}.Debug|Any CPU.ActiveCfg = Debug|Any CPU
		{F8CC5332-D813-4F42-83E4-053272FE7369}.Debug|Any CPU.Build.0 = Debug|Any CPU
		{F8CC5332-D813-4F42-83E4-053272FE7369}.Release|Any CPU.ActiveCfg = Release|Any CPU
		{F8CC5332-D813-4F42-83E4-053272FE7369}.Release|Any CPU.Build.0 = Release|Any CPU
		{017E5F98-D6B8-47A7-97FD-951B5B0D55B8}.Debug|Any CPU.ActiveCfg = Debug|Any CPU
		{017E5F98-D6B8-47A7-97FD-951B5B0D55B8}.Debug|Any CPU.Build.0 = Debug|Any CPU
		{017E5F98-D6B8-47A7-97FD-951B5B0D55B8}.Release|Any CPU.ActiveCfg = Release|Any CPU
		{017E5F98-D6B8-47A7-97FD-951B5B0D55B8}.Release|Any CPU.Build.0 = Release|Any CPU
		{982E9D1A-D8B8-495D-B257-43B1E561D28E}.Debug|Any CPU.ActiveCfg = Debug|Any CPU
		{982E9D1A-D8B8-495D-B257-43B1E561D28E}.Debug|Any CPU.Build.0 = Debug|Any CPU
		{982E9D1A-D8B8-495D-B257-43B1E561D28E}.Release|Any CPU.ActiveCfg = Release|Any CPU
		{982E9D1A-D8B8-495D-B257-43B1E561D28E}.Release|Any CPU.Build.0 = Release|Any CPU
	EndGlobalSection
	GlobalSection(NestedProjects) = preSolution
		{BC3A1E47-25AC-46B0-8908-06E432FE601C} = {15E61F8C-8435-4678-BBE4-E7CC3F0C817A}
		{F8CC5332-D813-4F42-83E4-053272FE7369} = {D0C068FE-35CD-4F7E-BBF3-6FEABFDAFEA3}
		{017E5F98-D6B8-47A7-97FD-951B5B0D55B8} = {D0C068FE-35CD-4F7E-BBF3-6FEABFDAFEA3}
		{982E9D1A-D8B8-495D-B257-43B1E561D28E} = {D0C068FE-35CD-4F7E-BBF3-6FEABFDAFEA3}
	EndGlobalSection
EndGlobal
