
Microsoft Visual Studio Solution File, Format Version 12.00
Project("{2150E333-8FDC-42A3-9474-1A3956D46DE8}") = "src", "src", "{D0C068FE-35CD-4F7E-BBF3-6FEABFDAFEA3}"
EndProject
Project("{2150E333-8FDC-42A3-9474-1A3956D46DE8}") = "tests", "tests", "{15E61F8C-8435-4678-BBE4-E7CC3F0C817A}"
EndProject
Project("{2150E333-8FDC-42A3-9474-1A3956D46DE8}") = "Aoxe.StackExchangeRedis", "Aoxe.StackExchangeRedis", "{16C58FFB-DC32-4ACC-B120-E87C1ADF9F27}"
EndProject
Project("{FAE04EC0-301F-11D3-BF4B-00C04F79EFBC}") = "Aoxe.StackExchangeRedis", "src\Aoxe.StackExchangeRedis\Aoxe.StackExchangeRedis\Aoxe.StackExchangeRedis.csproj", "{0B2FCE9D-66D7-4585-8E05-9ED3B5FA9A5D}"
EndProject
Project("{FAE04EC0-301F-11D3-BF4B-00C04F79EFBC}") = "Aoxe.StackExchangeRedis.Abstractions", "src\Aoxe.StackExchangeRedis\Aoxe.StackExchangeRedis.Abstractions\Aoxe.StackExchangeRedis.Abstractions.csproj", "{979CCB33-A3A6-4A0E-9620-CFDD7280E96B}"
EndProject
Project("{FAE04EC0-301F-11D3-BF4B-00C04F79EFBC}") = "Aoxe.StackExchangeRedis.TestProject", "tests\Aoxe.StackExchangeRedis.TestProject\Aoxe.StackExchangeRedis.TestProject.csproj", "{BC3A1E47-25AC-46B0-8908-06E432FE601C}"
EndProject
Project("{2150E333-8FDC-42A3-9474-1A3956D46DE8}") = "Aoxe.FreeRedis", "Aoxe.FreeRedis", "{9326778C-4FB2-4403-BA4F-6C1E6F5992D2}"
EndProject
Global
	GlobalSection(SolutionConfigurationPlatforms) = preSolution
		Debug|Any CPU = Debug|Any CPU
		Release|Any CPU = Release|Any CPU
	EndGlobalSection
	GlobalSection(ProjectConfigurationPlatforms) = postSolution
		{0B2FCE9D-66D7-4585-8E05-9ED3B5FA9A5D}.Debug|Any CPU.ActiveCfg = Debug|Any CPU
		{0B2FCE9D-66D7-4585-8E05-9ED3B5FA9A5D}.Debug|Any CPU.Build.0 = Debug|Any CPU
		{0B2FCE9D-66D7-4585-8E05-9ED3B5FA9A5D}.Release|Any CPU.ActiveCfg = Release|Any CPU
		{0B2FCE9D-66D7-4585-8E05-9ED3B5FA9A5D}.Release|Any CPU.Build.0 = Release|Any CPU
		{979CCB33-A3A6-4A0E-9620-CFDD7280E96B}.Debug|Any CPU.ActiveCfg = Debug|Any CPU
		{979CCB33-A3A6-4A0E-9620-CFDD7280E96B}.Debug|Any CPU.Build.0 = Debug|Any CPU
		{979CCB33-A3A6-4A0E-9620-CFDD7280E96B}.Release|Any CPU.ActiveCfg = Release|Any CPU
		{979CCB33-A3A6-4A0E-9620-CFDD7280E96B}.Release|Any CPU.Build.0 = Release|Any CPU
		{BC3A1E47-25AC-46B0-8908-06E432FE601C}.Debug|Any CPU.ActiveCfg = Debug|Any CPU
		{BC3A1E47-25AC-46B0-8908-06E432FE601C}.Debug|Any CPU.Build.0 = Debug|Any CPU
		{BC3A1E47-25AC-46B0-8908-06E432FE601C}.Release|Any CPU.ActiveCfg = Release|Any CPU
		{BC3A1E47-25AC-46B0-8908-06E432FE601C}.Release|Any CPU.Build.0 = Release|Any CPU
	EndGlobalSection
	GlobalSection(NestedProjects) = preSolution
		{16C58FFB-DC32-4ACC-B120-E87C1ADF9F27} = {D0C068FE-35CD-4F7E-BBF3-6FEABFDAFEA3}
		{0B2FCE9D-66D7-4585-8E05-9ED3B5FA9A5D} = {16C58FFB-DC32-4ACC-B120-E87C1ADF9F27}
		{979CCB33-A3A6-4A0E-9620-CFDD7280E96B} = {16C58FFB-DC32-4ACC-B120-E87C1ADF9F27}
		{BC3A1E47-25AC-46B0-8908-06E432FE601C} = {15E61F8C-8435-4678-BBE4-E7CC3F0C817A}
		{9326778C-4FB2-4403-BA4F-6C1E6F5992D2} = {D0C068FE-35CD-4F7E-BBF3-6FEABFDAFEA3}
	EndGlobalSection
EndGlobal
