
Microsoft Visual Studio Solution File, Format Version 12.00
Project("{FAE04EC0-301F-11D3-BF4B-00C04F79EFBC}") = "Zaabee.Redis", "Zaabee.Redis\Zaabee.Redis.csproj", "{ECA5D095-E1BB-4663-998B-926290952CCF}"
EndProject
Project("{FAE04EC0-301F-11D3-BF4B-00C04F79EFBC}") = "Zaabee.Redis.ISerialize", "Zaabee.Redis.ISerialize\Zaabee.Redis.ISerialize.csproj", "{A6BD9490-76A6-4148-8C57-63F3003ACE42}"
EndProject
Project("{FAE04EC0-301F-11D3-BF4B-00C04F79EFBC}") = "Zaabee.Redis.Abstractions", "Zaabee.Redis.Abstractions\Zaabee.Redis.Abstractions.csproj", "{D96CE49D-B1AF-4932-BCF7-619CFE482321}"
EndProject
Project("{FAE04EC0-301F-11D3-BF4B-00C04F79EFBC}") = "Zaabee.Redis.Json", "Zaabee.Redis.Json\Zaabee.Redis.Json.csproj", "{F2F7D5BE-DB55-4E66-9627-EC0A0AD64C9F}"
EndProject
Project("{FAE04EC0-301F-11D3-BF4B-00C04F79EFBC}") = "Zaabee.Redis.Protobuf", "Zaabee.Redis.Protobuf\Zaabee.Redis.Protobuf.csproj", "{21CBAEE1-32F8-4933-80BC-7CEDDE49B950}"
EndProject
Project("{FAE04EC0-301F-11D3-BF4B-00C04F79EFBC}") = "Zaabee.Redis.Jil", "Zaabee.Redis.Jil\Zaabee.Redis.Jil.csproj", "{4A4F16C3-7951-4DC0-97CB-E61D7F8CB60F}"
EndProject
Global
	GlobalSection(SolutionConfigurationPlatforms) = preSolution
		Debug|Any CPU = Debug|Any CPU
		Release|Any CPU = Release|Any CPU
	EndGlobalSection
	GlobalSection(ProjectConfigurationPlatforms) = postSolution
		{ECA5D095-E1BB-4663-998B-926290952CCF}.Debug|Any CPU.ActiveCfg = Debug|Any CPU
		{ECA5D095-E1BB-4663-998B-926290952CCF}.Debug|Any CPU.Build.0 = Debug|Any CPU
		{ECA5D095-E1BB-4663-998B-926290952CCF}.Release|Any CPU.ActiveCfg = Release|Any CPU
		{ECA5D095-E1BB-4663-998B-926290952CCF}.Release|Any CPU.Build.0 = Release|Any CPU
		{A6BD9490-76A6-4148-8C57-63F3003ACE42}.Debug|Any CPU.ActiveCfg = Debug|Any CPU
		{A6BD9490-76A6-4148-8C57-63F3003ACE42}.Debug|Any CPU.Build.0 = Debug|Any CPU
		{A6BD9490-76A6-4148-8C57-63F3003ACE42}.Release|Any CPU.ActiveCfg = Release|Any CPU
		{A6BD9490-76A6-4148-8C57-63F3003ACE42}.Release|Any CPU.Build.0 = Release|Any CPU
		{D96CE49D-B1AF-4932-BCF7-619CFE482321}.Debug|Any CPU.ActiveCfg = Debug|Any CPU
		{D96CE49D-B1AF-4932-BCF7-619CFE482321}.Debug|Any CPU.Build.0 = Debug|Any CPU
		{D96CE49D-B1AF-4932-BCF7-619CFE482321}.Release|Any CPU.ActiveCfg = Release|Any CPU
		{D96CE49D-B1AF-4932-BCF7-619CFE482321}.Release|Any CPU.Build.0 = Release|Any CPU
		{F2F7D5BE-DB55-4E66-9627-EC0A0AD64C9F}.Debug|Any CPU.ActiveCfg = Debug|Any CPU
		{F2F7D5BE-DB55-4E66-9627-EC0A0AD64C9F}.Debug|Any CPU.Build.0 = Debug|Any CPU
		{F2F7D5BE-DB55-4E66-9627-EC0A0AD64C9F}.Release|Any CPU.ActiveCfg = Release|Any CPU
		{F2F7D5BE-DB55-4E66-9627-EC0A0AD64C9F}.Release|Any CPU.Build.0 = Release|Any CPU
		{21CBAEE1-32F8-4933-80BC-7CEDDE49B950}.Debug|Any CPU.ActiveCfg = Debug|Any CPU
		{21CBAEE1-32F8-4933-80BC-7CEDDE49B950}.Debug|Any CPU.Build.0 = Debug|Any CPU
		{21CBAEE1-32F8-4933-80BC-7CEDDE49B950}.Release|Any CPU.ActiveCfg = Release|Any CPU
		{21CBAEE1-32F8-4933-80BC-7CEDDE49B950}.Release|Any CPU.Build.0 = Release|Any CPU
		{4A4F16C3-7951-4DC0-97CB-E61D7F8CB60F}.Debug|Any CPU.ActiveCfg = Debug|Any CPU
		{4A4F16C3-7951-4DC0-97CB-E61D7F8CB60F}.Debug|Any CPU.Build.0 = Debug|Any CPU
		{4A4F16C3-7951-4DC0-97CB-E61D7F8CB60F}.Release|Any CPU.ActiveCfg = Release|Any CPU
		{4A4F16C3-7951-4DC0-97CB-E61D7F8CB60F}.Release|Any CPU.Build.0 = Release|Any CPU
	EndGlobalSection
EndGlobal
