
Microsoft Visual Studio Solution File, Format Version 12.00
Project("{2150E333-8FDC-42A3-9474-1A3956D46DE8}") = "Zaabee.StackExchangeRedis", "Zaabee.StackExchangeRedis", "{6A5F8AE2-2A96-454F-93D8-87725FF1C562}"
EndProject
Project("{FAE04EC0-301F-11D3-BF4B-00C04F79EFBC}") = "Zaabee.StackExchangeRedis.Abstractions", "Zaabee.StackExchangeRedis\Zaabee.StackExchangeRedis.Abstractions\Zaabee.StackExchangeRedis.Abstractions.csproj", "{D946AAF0-911E-48E4-93EA-C50EEA66A9B5}"
EndProject
Project("{FAE04EC0-301F-11D3-BF4B-00C04F79EFBC}") = "Zaabee.StackExchangeRedis", "Zaabee.StackExchangeRedis\Zaabee.StackExchangeRedis\Zaabee.StackExchangeRedis.csproj", "{36C8216C-59CA-44A6-85B9-E7EC88A658DE}"
EndProject
Project("{FAE04EC0-301F-11D3-BF4B-00C04F79EFBC}") = "Zaabee.StackExchangeRedis.ISerialize", "Zaabee.StackExchangeRedis\Zaabee.StackExchangeRedis.ISerialize\Zaabee.StackExchangeRedis.ISerialize.csproj", "{65F309A3-312A-46FB-92D8-8E5C43803DC7}"
EndProject
Project("{FAE04EC0-301F-11D3-BF4B-00C04F79EFBC}") = "Zaabee.StackExchangeRedis.Jil", "Zaabee.StackExchangeRedis\Zaabee.StackExchangeRedis.Jil\Zaabee.StackExchangeRedis.Jil.csproj", "{9DAA24B4-B8A6-4096-84B5-7C4A7E9FDFA1}"
EndProject
Project("{FAE04EC0-301F-11D3-BF4B-00C04F79EFBC}") = "Zaabee.StackExchangeRedis.Protobuf", "Zaabee.StackExchangeRedis\Zaabee.StackExchangeRedis.Protobuf\Zaabee.StackExchangeRedis.Protobuf.csproj", "{089FAFBD-D042-437E-903D-88ADF87CAA09}"
EndProject
Project("{FAE04EC0-301F-11D3-BF4B-00C04F79EFBC}") = "Zaabee.StackExchangeRedis.NewtonsoftJson", "Zaabee.StackExchangeRedis\Zaabee.StackExchangeRedis.NewtonsoftJson\Zaabee.StackExchangeRedis.NewtonsoftJson.csproj", "{D60F151D-DB60-4091-AA6D-8635C0311D33}"
EndProject
Project("{FAE04EC0-301F-11D3-BF4B-00C04F79EFBC}") = "TestProject", "Zaabee.StackExchangeRedis\TestProject\TestProject.csproj", "{2147A2AB-76A2-4DE3-BF8E-9DCFC9478813}"
EndProject
Project("{FAE04EC0-301F-11D3-BF4B-00C04F79EFBC}") = "Zaabee.StackExchangeRedis.Utf8Json", "Zaabee.StackExchangeRedis\Zaabee.StackExchangeRedis.Utf8Json\Zaabee.StackExchangeRedis.Utf8Json.csproj", "{970085AD-1983-42FD-95E7-A544FEB11683}"
EndProject
Project("{FAE04EC0-301F-11D3-BF4B-00C04F79EFBC}") = "Zaabee.StackExchangeRedis.Binary", "Zaabee.StackExchangeRedis\Zaabee.StackExchangeRedis.Binary\Zaabee.StackExchangeRedis.Binary.csproj", "{1CF13509-91FE-4445-A67E-80C87D0B3F04}"
EndProject
Project("{FAE04EC0-301F-11D3-BF4B-00C04F79EFBC}") = "Zaabee.StackExchangeRedis.MsgPack", "Zaabee.StackExchangeRedis\Zaabee.StackExchangeRedis.MsgPack\Zaabee.StackExchangeRedis.MsgPack.csproj", "{BFA1A4DE-ED70-4C40-ACF9-0267456EE6CB}"
EndProject
Project("{FAE04EC0-301F-11D3-BF4B-00C04F79EFBC}") = "Zaabee.StackExchangeRedis.ZeroFormatter", "Zaabee.StackExchangeRedis\Zaabee.StackExchangeRedis.ZeroFormatter\Zaabee.StackExchangeRedis.ZeroFormatter.csproj", "{F7F9629B-EB0A-48F0-BFE6-E1718EB4050D}"
EndProject
Project("{FAE04EC0-301F-11D3-BF4B-00C04F79EFBC}") = "Zaabee.StackExchangeRedis.Xml", "Zaabee.StackExchangeRedis\Zaabee.StackExchangeRedis.Xml\Zaabee.StackExchangeRedis.Xml.csproj", "{C0F49723-FE5D-4B50-A3DD-5670F16FFADF}"
EndProject
Global
	GlobalSection(SolutionConfigurationPlatforms) = preSolution
		Debug|Any CPU = Debug|Any CPU
		Release|Any CPU = Release|Any CPU
	EndGlobalSection
	GlobalSection(ProjectConfigurationPlatforms) = postSolution
		{D946AAF0-911E-48E4-93EA-C50EEA66A9B5}.Debug|Any CPU.ActiveCfg = Debug|Any CPU
		{D946AAF0-911E-48E4-93EA-C50EEA66A9B5}.Debug|Any CPU.Build.0 = Debug|Any CPU
		{D946AAF0-911E-48E4-93EA-C50EEA66A9B5}.Release|Any CPU.ActiveCfg = Release|Any CPU
		{D946AAF0-911E-48E4-93EA-C50EEA66A9B5}.Release|Any CPU.Build.0 = Release|Any CPU
		{36C8216C-59CA-44A6-85B9-E7EC88A658DE}.Debug|Any CPU.ActiveCfg = Debug|Any CPU
		{36C8216C-59CA-44A6-85B9-E7EC88A658DE}.Debug|Any CPU.Build.0 = Debug|Any CPU
		{36C8216C-59CA-44A6-85B9-E7EC88A658DE}.Release|Any CPU.ActiveCfg = Release|Any CPU
		{36C8216C-59CA-44A6-85B9-E7EC88A658DE}.Release|Any CPU.Build.0 = Release|Any CPU
		{65F309A3-312A-46FB-92D8-8E5C43803DC7}.Debug|Any CPU.ActiveCfg = Debug|Any CPU
		{65F309A3-312A-46FB-92D8-8E5C43803DC7}.Debug|Any CPU.Build.0 = Debug|Any CPU
		{65F309A3-312A-46FB-92D8-8E5C43803DC7}.Release|Any CPU.ActiveCfg = Release|Any CPU
		{65F309A3-312A-46FB-92D8-8E5C43803DC7}.Release|Any CPU.Build.0 = Release|Any CPU
		{9DAA24B4-B8A6-4096-84B5-7C4A7E9FDFA1}.Debug|Any CPU.ActiveCfg = Debug|Any CPU
		{9DAA24B4-B8A6-4096-84B5-7C4A7E9FDFA1}.Debug|Any CPU.Build.0 = Debug|Any CPU
		{9DAA24B4-B8A6-4096-84B5-7C4A7E9FDFA1}.Release|Any CPU.ActiveCfg = Release|Any CPU
		{9DAA24B4-B8A6-4096-84B5-7C4A7E9FDFA1}.Release|Any CPU.Build.0 = Release|Any CPU
		{089FAFBD-D042-437E-903D-88ADF87CAA09}.Debug|Any CPU.ActiveCfg = Debug|Any CPU
		{089FAFBD-D042-437E-903D-88ADF87CAA09}.Debug|Any CPU.Build.0 = Debug|Any CPU
		{089FAFBD-D042-437E-903D-88ADF87CAA09}.Release|Any CPU.ActiveCfg = Release|Any CPU
		{089FAFBD-D042-437E-903D-88ADF87CAA09}.Release|Any CPU.Build.0 = Release|Any CPU
		{D60F151D-DB60-4091-AA6D-8635C0311D33}.Debug|Any CPU.ActiveCfg = Debug|Any CPU
		{D60F151D-DB60-4091-AA6D-8635C0311D33}.Debug|Any CPU.Build.0 = Debug|Any CPU
		{D60F151D-DB60-4091-AA6D-8635C0311D33}.Release|Any CPU.ActiveCfg = Release|Any CPU
		{D60F151D-DB60-4091-AA6D-8635C0311D33}.Release|Any CPU.Build.0 = Release|Any CPU
		{2147A2AB-76A2-4DE3-BF8E-9DCFC9478813}.Debug|Any CPU.ActiveCfg = Debug|Any CPU
		{2147A2AB-76A2-4DE3-BF8E-9DCFC9478813}.Debug|Any CPU.Build.0 = Debug|Any CPU
		{2147A2AB-76A2-4DE3-BF8E-9DCFC9478813}.Release|Any CPU.ActiveCfg = Release|Any CPU
		{2147A2AB-76A2-4DE3-BF8E-9DCFC9478813}.Release|Any CPU.Build.0 = Release|Any CPU
		{970085AD-1983-42FD-95E7-A544FEB11683}.Debug|Any CPU.ActiveCfg = Debug|Any CPU
		{970085AD-1983-42FD-95E7-A544FEB11683}.Debug|Any CPU.Build.0 = Debug|Any CPU
		{970085AD-1983-42FD-95E7-A544FEB11683}.Release|Any CPU.ActiveCfg = Release|Any CPU
		{970085AD-1983-42FD-95E7-A544FEB11683}.Release|Any CPU.Build.0 = Release|Any CPU
		{1CF13509-91FE-4445-A67E-80C87D0B3F04}.Debug|Any CPU.ActiveCfg = Debug|Any CPU
		{1CF13509-91FE-4445-A67E-80C87D0B3F04}.Debug|Any CPU.Build.0 = Debug|Any CPU
		{1CF13509-91FE-4445-A67E-80C87D0B3F04}.Release|Any CPU.ActiveCfg = Release|Any CPU
		{1CF13509-91FE-4445-A67E-80C87D0B3F04}.Release|Any CPU.Build.0 = Release|Any CPU
		{BFA1A4DE-ED70-4C40-ACF9-0267456EE6CB}.Debug|Any CPU.ActiveCfg = Debug|Any CPU
		{BFA1A4DE-ED70-4C40-ACF9-0267456EE6CB}.Debug|Any CPU.Build.0 = Debug|Any CPU
		{BFA1A4DE-ED70-4C40-ACF9-0267456EE6CB}.Release|Any CPU.ActiveCfg = Release|Any CPU
		{BFA1A4DE-ED70-4C40-ACF9-0267456EE6CB}.Release|Any CPU.Build.0 = Release|Any CPU
		{F7F9629B-EB0A-48F0-BFE6-E1718EB4050D}.Debug|Any CPU.ActiveCfg = Debug|Any CPU
		{F7F9629B-EB0A-48F0-BFE6-E1718EB4050D}.Debug|Any CPU.Build.0 = Debug|Any CPU
		{F7F9629B-EB0A-48F0-BFE6-E1718EB4050D}.Release|Any CPU.ActiveCfg = Release|Any CPU
		{F7F9629B-EB0A-48F0-BFE6-E1718EB4050D}.Release|Any CPU.Build.0 = Release|Any CPU
		{C0F49723-FE5D-4B50-A3DD-5670F16FFADF}.Debug|Any CPU.ActiveCfg = Debug|Any CPU
		{C0F49723-FE5D-4B50-A3DD-5670F16FFADF}.Debug|Any CPU.Build.0 = Debug|Any CPU
		{C0F49723-FE5D-4B50-A3DD-5670F16FFADF}.Release|Any CPU.ActiveCfg = Release|Any CPU
		{C0F49723-FE5D-4B50-A3DD-5670F16FFADF}.Release|Any CPU.Build.0 = Release|Any CPU
	EndGlobalSection
	GlobalSection(NestedProjects) = preSolution
		{D946AAF0-911E-48E4-93EA-C50EEA66A9B5} = {6A5F8AE2-2A96-454F-93D8-87725FF1C562}
		{36C8216C-59CA-44A6-85B9-E7EC88A658DE} = {6A5F8AE2-2A96-454F-93D8-87725FF1C562}
		{65F309A3-312A-46FB-92D8-8E5C43803DC7} = {6A5F8AE2-2A96-454F-93D8-87725FF1C562}
		{9DAA24B4-B8A6-4096-84B5-7C4A7E9FDFA1} = {6A5F8AE2-2A96-454F-93D8-87725FF1C562}
		{089FAFBD-D042-437E-903D-88ADF87CAA09} = {6A5F8AE2-2A96-454F-93D8-87725FF1C562}
		{D60F151D-DB60-4091-AA6D-8635C0311D33} = {6A5F8AE2-2A96-454F-93D8-87725FF1C562}
		{2147A2AB-76A2-4DE3-BF8E-9DCFC9478813} = {6A5F8AE2-2A96-454F-93D8-87725FF1C562}
		{970085AD-1983-42FD-95E7-A544FEB11683} = {6A5F8AE2-2A96-454F-93D8-87725FF1C562}
		{1CF13509-91FE-4445-A67E-80C87D0B3F04} = {6A5F8AE2-2A96-454F-93D8-87725FF1C562}
		{BFA1A4DE-ED70-4C40-ACF9-0267456EE6CB} = {6A5F8AE2-2A96-454F-93D8-87725FF1C562}
		{F7F9629B-EB0A-48F0-BFE6-E1718EB4050D} = {6A5F8AE2-2A96-454F-93D8-87725FF1C562}
		{C0F49723-FE5D-4B50-A3DD-5670F16FFADF} = {6A5F8AE2-2A96-454F-93D8-87725FF1C562}
	EndGlobalSection
EndGlobal
